
Microsoft Visual Studio Solution File, Format Version 12.00
# Visual Studio Version 16
VisualStudioVersion = 16.0.30114.105
MinimumVisualStudioVersion = 10.0.40219.1
Project("{FAE04EC0-301F-11D3-BF4B-00C04F79EFBC}") = "Project2021", "Project2021.csproj", "{6D3EB48A-C4AB-41F2-97F8-FBB06B0DA610}"
EndProject
Project("{2150E333-8FDC-42A3-9474-1A3956D46DE8}") = "Solution Items", "Solution Items", "{79201710-15CE-4838-9389-B23C11FD7E37}"
EndProject
Global
	GlobalSection(SolutionConfigurationPlatforms) = preSolution
		Debug|Any CPU = Debug|Any CPU
		Release|Any CPU = Release|Any CPU
	EndGlobalSection
	GlobalSection(ProjectConfigurationPlatforms) = postSolution
		{6D3EB48A-C4AB-41F2-97F8-FBB06B0DA610}.Debug|Any CPU.ActiveCfg = Debug|Any CPU
		{6D3EB48A-C4AB-41F2-97F8-FBB06B0DA610}.Debug|Any CPU.Build.0 = Debug|Any CPU
		{6D3EB48A-C4AB-41F2-97F8-FBB06B0DA610}.Release|Any CPU.ActiveCfg = Release|Any CPU
		{6D3EB48A-C4AB-41F2-97F8-FBB06B0DA610}.Release|Any CPU.Build.0 = Release|Any CPU
	EndGlobalSection
	GlobalSection(SolutionProperties) = preSolution
		HideSolutionNode = FALSE
	EndGlobalSection
	GlobalSection(ExtensibilityGlobals) = postSolution
		SolutionGuid = {A41897A7-F007-4BE2-ABF7-FE9BB5EA5903}
	EndGlobalSection
EndGlobal
